
Microsoft Visual Studio Solution File, Format Version 12.00
# Visual Studio 15
VisualStudioVersion = 15.0.27130.2010
MinimumVisualStudioVersion = 10.0.40219.1
Project("{FAE04EC0-301F-11D3-BF4B-00C04F79EFBC}") = "Z1.Tests", "Z1.Tests\Z1.Tests.csproj", "{801BEFEE-840C-4506-B84B-F54FD1222FA7}"
EndProject
Project("{FAE04EC0-301F-11D3-BF4B-00C04F79EFBC}") = "Z1", "Z1\Z1.csproj", "{AF9C44EE-B422-4077-8872-B7BA55D6B6D0}"
EndProject
Project("{FAE04EC0-301F-11D3-BF4B-00C04F79EFBC}") = "Z2", "Z2\Z2.csproj", "{05CE8B0F-265F-483C-B1DD-060C5EF59151}"
EndProject
Global
	GlobalSection(SolutionConfigurationPlatforms) = preSolution
		Debug|Any CPU = Debug|Any CPU
		Release|Any CPU = Release|Any CPU
	EndGlobalSection
	GlobalSection(ProjectConfigurationPlatforms) = postSolution
		{801BEFEE-840C-4506-B84B-F54FD1222FA7}.Debug|Any CPU.ActiveCfg = Debug|Any CPU
		{801BEFEE-840C-4506-B84B-F54FD1222FA7}.Debug|Any CPU.Build.0 = Debug|Any CPU
		{801BEFEE-840C-4506-B84B-F54FD1222FA7}.Release|Any CPU.ActiveCfg = Release|Any CPU
		{801BEFEE-840C-4506-B84B-F54FD1222FA7}.Release|Any CPU.Build.0 = Release|Any CPU
		{AF9C44EE-B422-4077-8872-B7BA55D6B6D0}.Debug|Any CPU.ActiveCfg = Debug|Any CPU
		{AF9C44EE-B422-4077-8872-B7BA55D6B6D0}.Debug|Any CPU.Build.0 = Debug|Any CPU
		{AF9C44EE-B422-4077-8872-B7BA55D6B6D0}.Release|Any CPU.ActiveCfg = Release|Any CPU
		{AF9C44EE-B422-4077-8872-B7BA55D6B6D0}.Release|Any CPU.Build.0 = Release|Any CPU
		{05CE8B0F-265F-483C-B1DD-060C5EF59151}.Debug|Any CPU.ActiveCfg = Debug|Any CPU
		{05CE8B0F-265F-483C-B1DD-060C5EF59151}.Debug|Any CPU.Build.0 = Debug|Any CPU
		{05CE8B0F-265F-483C-B1DD-060C5EF59151}.Release|Any CPU.ActiveCfg = Release|Any CPU
		{05CE8B0F-265F-483C-B1DD-060C5EF59151}.Release|Any CPU.Build.0 = Release|Any CPU
	EndGlobalSection
	GlobalSection(SolutionProperties) = preSolution
		HideSolutionNode = FALSE
	EndGlobalSection
	GlobalSection(ExtensibilityGlobals) = postSolution
		SolutionGuid = {E04C6F2B-B712-4189-9CA5-983D809D27F2}
	EndGlobalSection
EndGlobal
